
Microsoft Visual Studio Solution File, Format Version 12.00
# Visual Studio 15
VisualStudioVersion = 15.0.28010.2050
MinimumVisualStudioVersion = 10.0.40219.1
Project("{FAE04EC0-301F-11D3-BF4B-00C04F79EFBC}") = "FizzBuzz", "FizzBuzz\FizzBuzz.csproj", "{EBAA75FE-704E-48D6-837A-DB08F1E6527A}"
EndProject
Project("{FAE04EC0-301F-11D3-BF4B-00C04F79EFBC}") = "FizzBuzz.Tests", "FizzBuzz.Tests\FizzBuzz.Tests.csproj", "{971AC11B-44D2-4C22-9F04-EF73BF4A932F}"
EndProject
Global
	GlobalSection(SolutionConfigurationPlatforms) = preSolution
		Debug|Any CPU = Debug|Any CPU
		Release|Any CPU = Release|Any CPU
	EndGlobalSection
	GlobalSection(ProjectConfigurationPlatforms) = postSolution
		{EBAA75FE-704E-48D6-837A-DB08F1E6527A}.Debug|Any CPU.ActiveCfg = Debug|Any CPU
		{EBAA75FE-704E-48D6-837A-DB08F1E6527A}.Debug|Any CPU.Build.0 = Debug|Any CPU
		{EBAA75FE-704E-48D6-837A-DB08F1E6527A}.Release|Any CPU.ActiveCfg = Release|Any CPU
		{EBAA75FE-704E-48D6-837A-DB08F1E6527A}.Release|Any CPU.Build.0 = Release|Any CPU
		{971AC11B-44D2-4C22-9F04-EF73BF4A932F}.Debug|Any CPU.ActiveCfg = Debug|Any CPU
		{971AC11B-44D2-4C22-9F04-EF73BF4A932F}.Debug|Any CPU.Build.0 = Debug|Any CPU
		{971AC11B-44D2-4C22-9F04-EF73BF4A932F}.Release|Any CPU.ActiveCfg = Release|Any CPU
		{971AC11B-44D2-4C22-9F04-EF73BF4A932F}.Release|Any CPU.Build.0 = Release|Any CPU
	EndGlobalSection
	GlobalSection(SolutionProperties) = preSolution
		HideSolutionNode = FALSE
	EndGlobalSection
	GlobalSection(ExtensibilityGlobals) = postSolution
		SolutionGuid = {E4413AD7-C27A-4226-BA87-AF8296448DD7}
	EndGlobalSection
EndGlobal
